lockfileVersion: '6.0'

settings:
  autoInstallPeers: true
  excludeLinksFromLockfile: false

devDependencies:
  prettier:
    specifier: ^3.1.0
    version: 3.1.0
  prettier-plugin-solidity:
    specifier: ^1.2.0
    version: 1.2.0(prettier@3.1.0)

packages:

  /@solidity-parser/parser@0.16.2:
    resolution: {integrity: sha512-PI9NfoA3P8XK2VBkK5oIfRgKDsicwDZfkVq9ZTBCQYGOP1N2owgY2dyLGyU5/J/hQs8KRk55kdmvTLjy3Mu3vg==}
    dependencies:
      antlr4ts: 0.5.0-alpha.4
    dev: true

  /antlr4ts@0.5.0-alpha.4:
    resolution: {integrity: sha512-WPQDt1B74OfPv/IMS2ekXAKkTZIHl88uMetg6q3OTqgFxZ/dxDXI0EWLyZid/1Pe6hTftyg5N7gel5wNAGxXyQ==}
    dev: true

  /lru-cache@6.0.0:
    resolution: {integrity: sha512-Jo6dJ04CmSjuznwJSS3pUeWmd/H0ffTlkXXgwZi+eq1UCmqQwCh+eLsYOYCwY991i2Fah4h1BEMCx4qThGbsiA==}
    engines: {node: '>=10'}
    dependencies:
      yallist: 4.0.0
    dev: true

  /prettier-plugin-solidity@1.2.0(prettier@3.1.0):
    resolution: {integrity: sha512-fgxcUZpVAP+LlRfy5JI5oaAkXGkmsje2VJ5krv/YMm+rcTZbIUwFguSw5f+WFuttMjpDm6wB4UL7WVkArEfiVA==}
    engines: {node: '>=16'}
    peerDependencies:
      prettier: '>=2.3.0'
    dependencies:
      '@solidity-parser/parser': 0.16.2
      prettier: 3.1.0
      semver: 7.5.4
      solidity-comments-extractor: 0.0.7
    dev: true

  /prettier@3.1.0:
    resolution: {integrity: sha512-TQLvXjq5IAibjh8EpBIkNKxO749UEWABoiIZehEPiY4GNpVdhaFKqSTu+QrlU6D2dPAfubRmtJTi4K4YkQ5eXw==}
    engines: {node: '>=14'}
    hasBin: true
    dev: true

  /semver@7.5.4:
    resolution: {integrity: sha512-1bCSESV6Pv+i21Hvpxp3Dx+pSD8lIPt8uVjRrxAUt/nbswYc+tK6Y2btiULjd4+fnq15PX+nqQDC7Oft7WkwcA==}
    engines: {node: '>=10'}
    hasBin: true
    dependencies:
      lru-cache: 6.0.0
    dev: true

  /solidity-comments-extractor@0.0.7:
    resolution: {integrity: sha512-wciNMLg/Irp8OKGrh3S2tfvZiZ0NEyILfcRCXCD4mp7SgK/i9gzLfhY2hY7VMCQJ3kH9UB9BzNdibIVMchzyYw==}
    dev: true

  /yallist@4.0.0:
    resolution: {integrity: sha512-3wdGidZyq5PB084XLES5TpOSRA3wjXAlIWMhum2kRcv/41Sn2emQ0dycQW4uZXLejwKvg6EsvbdlVL+FYEct7A==}
    dev: true
